
Microsoft Visual Studio Solution File, Format Version 12.00
Project("{FAE04EC0-301F-11D3-BF4B-00C04F79EFBC}") = "MyWebAPI", "MyWebAPI.csproj", "{1AB0A104-4A3B-4F12-9831-DA5F50BD66FC}"
EndProject
Global
	GlobalSection(SolutionConfigurationPlatforms) = preSolution
		Debug|Any CPU = Debug|Any CPU
		Release|Any CPU = Release|Any CPU
	EndGlobalSection
	GlobalSection(ProjectConfigurationPlatforms) = postSolution
		{1AB0A104-4A3B-4F12-9831-DA5F50BD66FC}.Debug|Any CPU.ActiveCfg = Debug|Any CPU
		{1AB0A104-4A3B-4F12-9831-DA5F50BD66FC}.Debug|Any CPU.Build.0 = Debug|Any CPU
		{1AB0A104-4A3B-4F12-9831-DA5F50BD66FC}.Release|Any CPU.ActiveCfg = Release|Any CPU
		{1AB0A104-4A3B-4F12-9831-DA5F50BD66FC}.Release|Any CPU.Build.0 = Release|Any CPU
	EndGlobalSection
EndGlobal
